// !$*UTF8*$!
{
	archiveVersion = 1;
	classes = {
	};
	objectVersion = 55;
	objects = {

/* Begin PBXBuildFile section */
		7F01C23327F842C0003A6D8B /* JoinController.swift in Sources */ = {isa = PBXBuildFile; fileRef = 7F01C23227F842C0003A6D8B /* JoinController.swift */; };
		7F053F1827F8883C0075C6A4 /* AnimationSend.gif in Resources */ = {isa = PBXBuildFile; fileRef = 7F053F1727F8883C0075C6A4 /* AnimationSend.gif */; };
		7F572BF527F85C0700C1809D /* GoogleService-Info.plist in Resources */ = {isa = PBXBuildFile; fileRef = 7F572BF427F85C0700C1809D /* GoogleService-Info.plist */; };
		7F57A7702802969A005B5164 /* BackGround.jpeg in Resources */ = {isa = PBXBuildFile; fileRef = 7F57A76F2802969A005B5164 /* BackGround.jpeg */; };
		7F7F527C28006878008F8908 /* HomeController.swift in Sources */ = {isa = PBXBuildFile; fileRef = 7F7F527B28006878008F8908 /* HomeController.swift */; };
		7F7F527E280070DF008F8908 /* Information.storyboard in Resources */ = {isa = PBXBuildFile; fileRef = 7F7F527D280070DF008F8908 /* Information.storyboard */; };
		7F7F52822801149F008F8908 /* ImformationController.swift in Sources */ = {isa = PBXBuildFile; fileRef = 7F7F52812801149F008F8908 /* ImformationController.swift */; };
		7F97E57F2809A8290002FA40 /* SearchController.swift in Sources */ = {isa = PBXBuildFile; fileRef = 7F97E57E2809A8290002FA40 /* SearchController.swift */; };
		7F97E5812809B1780002FA40 /* NotificationController.swift in Sources */ = {isa = PBXBuildFile; fileRef = 7F97E5802809B1780002FA40 /* NotificationController.swift */; };
		7FAE4F132805BA4300761430 /* Messenger.storyboard in Resources */ = {isa = PBXBuildFile; fileRef = 7FAE4F122805BA4300761430 /* Messenger.storyboard */; };
		7FAE4F162805BAA100761430 /* Timeline.storyboard in Resources */ = {isa = PBXBuildFile; fileRef = 7FAE4F152805BAA100761430 /* Timeline.storyboard */; };
		CB2E1ECB2436B9BBCB0C5F51 /* Pods_K_Connect_IOS.framework in Frameworks */ = {isa = PBXBuildFile; fileRef = C415E9A7DB1711A5E9FF4804 /* Pods_K_Connect_IOS.framework */; };
		CF24919527D9DD2A0038D704 /* AdminEmployeeDetailPage.swift in Sources */ = {isa = PBXBuildFile; fileRef = CF24918C27D9DD2A0038D704 /* AdminEmployeeDetailPage.swift */; };
		CF24919627D9DD2A0038D704 /* AdminEmployeeManagePage.swift in Sources */ = {isa = PBXBuildFile; fileRef = CF24918D27D9DD2A0038D704 /* AdminEmployeeManagePage.swift */; };
		CF24919727D9DD2A0038D704 /* AdminDetailPage.swift in Sources */ = {isa = PBXBuildFile; fileRef = CF24918E27D9DD2A0038D704 /* AdminDetailPage.swift */; };
		CF24919827D9DD2A0038D704 /* AdminMainPage.swift in Sources */ = {isa = PBXBuildFile; fileRef = CF24918F27D9DD2A0038D704 /* AdminMainPage.swift */; };
		CF24919927D9DD2A0038D704 /* AdminGroupManagePage.swift in Sources */ = {isa = PBXBuildFile; fileRef = CF24919027D9DD2A0038D704 /* AdminGroupManagePage.swift */; };
		CF24919A27D9DD2A0038D704 /* AdminNewEmployeePage.swift in Sources */ = {isa = PBXBuildFile; fileRef = CF24919127D9DD2A0038D704 /* AdminNewEmployeePage.swift */; };
		CF24919B27D9DD2A0038D704 /* AdminStoryboard.storyboard in Resources */ = {isa = PBXBuildFile; fileRef = CF24919227D9DD2A0038D704 /* AdminStoryboard.storyboard */; };
		CF24919C27D9DD2A0038D704 /* AdminVacationHistoryPage.swift in Sources */ = {isa = PBXBuildFile; fileRef = CF24919327D9DD2A0038D704 /* AdminVacationHistoryPage.swift */; };
		CF24919D27D9DD2A0038D704 /* AdminChangeEmployeePage.swift in Sources */ = {isa = PBXBuildFile; fileRef = CF24919427D9DD2A0038D704 /* AdminChangeEmployeePage.swift */; };
		CF7D5FAC27BCD98600D3B1C1 /* LoginModel.swift in Sources */ = {isa = PBXBuildFile; fileRef = CF7D5FAB27BCD98600D3B1C1 /* LoginModel.swift */; };
		CF7D5FC027BE044000D3B1C1 /* Home.storyboard in Resources */ = {isa = PBXBuildFile; fileRef = CF7D5FBF27BE044000D3B1C1 /* Home.storyboard */; };
		CFA01CEF27BA583800258455 /* ChangePasswordView.swift in Sources */ = {isa = PBXBuildFile; fileRef = CFA01CEE27BA583800258455 /* ChangePasswordView.swift */; };
		CFAB215D27BA531A002B2E3C /* AppDelegate.swift in Sources */ = {isa = PBXBuildFile; fileRef = CFAB215C27BA531A002B2E3C /* AppDelegate.swift */; };
		CFAB215F27BA531A002B2E3C /* SceneDelegate.swift in Sources */ = {isa = PBXBuildFile; fileRef = CFAB215E27BA531A002B2E3C /* SceneDelegate.swift */; };
		CFAB216127BA531A002B2E3C /* ViewController.swift in Sources */ = {isa = PBXBuildFile; fileRef = CFAB216027BA531A002B2E3C /* ViewController.swift */; };
		CFAB216427BA531A002B2E3C /* Main.storyboard in Resources */ = {isa = PBXBuildFile; fileRef = CFAB216227BA531A002B2E3C /* Main.storyboard */; };
		CFAB216627BA531B002B2E3C /* Assets.xcassets in Resources */ = {isa = PBXBuildFile; fileRef = CFAB216527BA531B002B2E3C /* Assets.xcassets */; };
		CFAB216927BA531B002B2E3C /* LaunchScreen.storyboard in Resources */ = {isa = PBXBuildFile; fileRef = CFAB216727BA531B002B2E3C /* LaunchScreen.storyboard */; };
/* End PBXBuildFile section */

/* Begin PBXFileReference section */
		327E64258088FF5B8DC2B6DA /* Pods-K-Connect-IOS.release.xcconfig */ = {isa = PBXFileReference; includeInIndex = 1; lastKnownFileType = text.xcconfig; name = "Pods-K-Connect-IOS.release.xcconfig"; path = "Target Support Files/Pods-K-Connect-IOS/Pods-K-Connect-IOS.release.xcconfig"; sourceTree = "<group>"; };
		7F01C23227F842C0003A6D8B /* JoinController.swift */ = {isa = PBXFileReference; lastKnownFileType = sourcecode.swift; path = JoinController.swift; sourceTree = "<group>"; };
		7F053F1727F8883C0075C6A4 /* AnimationSend.gif */ = {isa = PBXFileReference; lastKnownFileType = image.gif; name = AnimationSend.gif; path = ../../../../Downloads/AnimationSend.gif; sourceTree = "<group>"; };
		7F572BF427F85C0700C1809D /* GoogleService-Info.plist */ = {isa = PBXFileReference; fileEncoding = 4; lastKnownFileType = text.plist.xml; name = "GoogleService-Info.plist"; path = "../../../../Downloads/GoogleService-Info.plist"; sourceTree = "<group>"; };
		7F57A76F2802969A005B5164 /* BackGround.jpeg */ = {isa = PBXFileReference; lastKnownFileType = image.jpeg; path = BackGround.jpeg; sourceTree = "<group>"; };
		7F7F527B28006878008F8908 /* HomeController.swift */ = {isa = PBXFileReference; lastKnownFileType = sourcecode.swift; path = HomeController.swift; sourceTree = "<group>"; };
		7F7F527D280070DF008F8908 /* Information.storyboard */ = {isa = PBXFileReference; lastKnownFileType = file.storyboard; path = Information.storyboard; sourceTree = "<group>"; };
		7F7F52812801149F008F8908 /* ImformationController.swift */ = {isa = PBXFileReference; lastKnownFileType = sourcecode.swift; path = ImformationController.swift; sourceTree = "<group>"; };
		7F7F528428026E65008F8908 /* AnimationSend.gif */ = {isa = PBXFileReference; lastKnownFileType = image.gif; path = AnimationSend.gif; sourceTree = "<group>"; };
		7F97E57E2809A8290002FA40 /* SearchController.swift */ = {isa = PBXFileReference; lastKnownFileType = sourcecode.swift; path = SearchController.swift; sourceTree = "<group>"; };
		7F97E5802809B1780002FA40 /* NotificationController.swift */ = {isa = PBXFileReference; fileEncoding = 4; lastKnownFileType = sourcecode.swift; path = NotificationController.swift; sourceTree = "<group>"; };
		7FAE4F122805BA4300761430 /* Messenger.storyboard */ = {isa = PBXFileReference; lastKnownFileType = file.storyboard; path = Messenger.storyboard; sourceTree = "<group>"; };
		7FAE4F152805BAA100761430 /* Timeline.storyboard */ = {isa = PBXFileReference; lastKnownFileType = file.storyboard; path = Timeline.storyboard; sourceTree = "<group>"; };
		C415E9A7DB1711A5E9FF4804 /* Pods_K_Connect_IOS.framework */ = {isa = PBXFileReference; explicitFileType = wrapper.framework; includeInIndex = 0; path = Pods_K_Connect_IOS.framework; sourceTree = BUILT_PRODUCTS_DIR; };
		CF24918C27D9DD2A0038D704 /* AdminEmployeeDetailPage.swift */ = {isa = PBXFileReference; fileEncoding = 4; lastKnownFileType = sourcecode.swift; path = AdminEmployeeDetailPage.swift; sourceTree = "<group>"; };
		CF24918D27D9DD2A0038D704 /* AdminEmployeeManagePage.swift */ = {isa = PBXFileReference; fileEncoding = 4; lastKnownFileType = sourcecode.swift; path = AdminEmployeeManagePage.swift; sourceTree = "<group>"; };
		CF24918E27D9DD2A0038D704 /* AdminDetailPage.swift */ = {isa = PBXFileReference; fileEncoding = 4; lastKnownFileType = sourcecode.swift; path = AdminDetailPage.swift; sourceTree = "<group>"; };
		CF24918F27D9DD2A0038D704 /* AdminMainPage.swift */ = {isa = PBXFileReference; fileEncoding = 4; lastKnownFileType = sourcecode.swift; path = AdminMainPage.swift; sourceTree = "<group>"; };
		CF24919027D9DD2A0038D704 /* AdminGroupManagePage.swift */ = {isa = PBXFileReference; fileEncoding = 4; lastKnownFileType = sourcecode.swift; path = AdminGroupManagePage.swift; sourceTree = "<group>"; };
		CF24919127D9DD2A0038D704 /* AdminNewEmployeePage.swift */ = {isa = PBXFileReference; fileEncoding = 4; lastKnownFileType = sourcecode.swift; path = AdminNewEmployeePage.swift; sourceTree = "<group>"; };
		CF24919227D9DD2A0038D704 /* AdminStoryboard.storyboard */ = {isa = PBXFileReference; fileEncoding = 4; lastKnownFileType = file.storyboard; path = AdminStoryboard.storyboard; sourceTree = "<group>"; };
		CF24919327D9DD2A0038D704 /* AdminVacationHistoryPage.swift */ = {isa = PBXFileReference; fileEncoding = 4; lastKnownFileType = sourcecode.swift; path = AdminVacationHistoryPage.swift; sourceTree = "<group>"; };
		CF24919427D9DD2A0038D704 /* AdminChangeEmployeePage.swift */ = {isa = PBXFileReference; fileEncoding = 4; lastKnownFileType = sourcecode.swift; path = AdminChangeEmployeePage.swift; sourceTree = "<group>"; };
		CF7D5FAB27BCD98600D3B1C1 /* LoginModel.swift */ = {isa = PBXFileReference; lastKnownFileType = sourcecode.swift; path = LoginModel.swift; sourceTree = "<group>"; };
		CF7D5FBF27BE044000D3B1C1 /* Home.storyboard */ = {isa = PBXFileReference; lastKnownFileType = file.storyboard; path = Home.storyboard; sourceTree = "<group>"; };
		CFA01CEE27BA583800258455 /* ChangePasswordView.swift */ = {isa = PBXFileReference; lastKnownFileType = sourcecode.swift; path = ChangePasswordView.swift; sourceTree = "<group>"; };
		CFAB215927BA531A002B2E3C /* K-Connect-IOS.app */ = {isa = PBXFileReference; explicitFileType = wrapper.application; includeInIndex = 0; path = "K-Connect-IOS.app"; sourceTree = BUILT_PRODUCTS_DIR; };
		CFAB215C27BA531A002B2E3C /* AppDelegate.swift */ = {isa = PBXFileReference; lastKnownFileType = sourcecode.swift; path = AppDelegate.swift; sourceTree = "<group>"; };
		CFAB215E27BA531A002B2E3C /* SceneDelegate.swift */ = {isa = PBXFileReference; lastKnownFileType = sourcecode.swift; path = SceneDelegate.swift; sourceTree = "<group>"; };
		CFAB216027BA531A002B2E3C /* ViewController.swift */ = {isa = PBXFileReference; lastKnownFileType = sourcecode.swift; path = ViewController.swift; sourceTree = "<group>"; };
		CFAB216327BA531A002B2E3C /* Base */ = {isa = PBXFileReference; lastKnownFileType = file.storyboard; name = Base; path = Base.lproj/Main.storyboard; sourceTree = "<group>"; };
		CFAB216527BA531B002B2E3C /* Assets.xcassets */ = {isa = PBXFileReference; lastKnownFileType = folder.assetcatalog; path = Assets.xcassets; sourceTree = "<group>"; };
		CFAB216827BA531B002B2E3C /* Base */ = {isa = PBXFileReference; lastKnownFileType = file.storyboard; name = Base; path = Base.lproj/LaunchScreen.storyboard; sourceTree = "<group>"; };
		CFAB216A27BA531B002B2E3C /* Info.plist */ = {isa = PBXFileReference; lastKnownFileType = text.plist.xml; path = Info.plist; sourceTree = "<group>"; };
		F6A3428C780EB43B551C6683 /* Pods-K-Connect-IOS.debug.xcconfig */ = {isa = PBXFileReference; includeInIndex = 1; lastKnownFileType = text.xcconfig; name = "Pods-K-Connect-IOS.debug.xcconfig"; path = "Target Support Files/Pods-K-Connect-IOS/Pods-K-Connect-IOS.debug.xcconfig"; sourceTree = "<group>"; };
/* End PBXFileReference section */

/* Begin PBXFrameworksBuildPhase section */
		CFAB215627BA531A002B2E3C /* Frameworks */ = {
			isa = PBXFrameworksBuildPhase;
			buildActionMask = 2147483647;
			files = (
				CB2E1ECB2436B9BBCB0C5F51 /* Pods_K_Connect_IOS.framework in Frameworks */,
			);
			runOnlyForDeploymentPostprocessing = 0;
		};
/* End PBXFrameworksBuildPhase section */

/* Begin PBXGroup section */
		7F01C23427F8432B003A6D8B /* Main */ = {
			isa = PBXGroup;
			children = (
				CFAB216227BA531A002B2E3C /* Main.storyboard */,
				CFAB216027BA531A002B2E3C /* ViewController.swift */,
				CFA01CEE27BA583800258455 /* ChangePasswordView.swift */,
				7F01C23227F842C0003A6D8B /* JoinController.swift */,
			);
			path = Main;
			sourceTree = "<group>";
		};
		7F7F527A280067EF008F8908 /* Information */ = {
			isa = PBXGroup;
			children = (
				7F7F527D280070DF008F8908 /* Information.storyboard */,
				7F7F52812801149F008F8908 /* ImformationController.swift */,
			);
			path = Information;
			sourceTree = "<group>";
		};
		7F7F528328026E59008F8908 /* Image */ = {
			isa = PBXGroup;
			children = (
				7F57A76F2802969A005B5164 /* BackGround.jpeg */,
				7F7F528428026E65008F8908 /* AnimationSend.gif */,
			);
			path = Image;
			sourceTree = "<group>";
		};
		7FAE4F112805BA0D00761430 /* Messenger */ = {
			isa = PBXGroup;
			children = (
				7FAE4F122805BA4300761430 /* Messenger.storyboard */,
			);
			name = Messenger;
			sourceTree = "<group>";
		};
		7FAE4F142805BA7C00761430 /* Timeline */ = {
			isa = PBXGroup;
			children = (
				7FAE4F152805BAA100761430 /* Timeline.storyboard */,
			);
			path = Timeline;
			sourceTree = "<group>";
		};
		CF7D5FC727BE434000D3B1C1 /* Network */ = {
			isa = PBXGroup;
			children = (
			);
			path = Network;
			sourceTree = "<group>";
		};
		CFA01CE627BA579E00258455 /* Home */ = {
			isa = PBXGroup;
			children = (
				CF7D5FBF27BE044000D3B1C1 /* Home.storyboard */,
				7F97E57E2809A8290002FA40 /* SearchController.swift */,
				7F7F527B28006878008F8908 /* HomeController.swift */,
				7F97E5802809B1780002FA40 /* NotificationController.swift */,
			);
			name = Home;
			sourceTree = "<group>";
		};
		CFA01CE727BA57A500258455 /* Admin */ = {
			isa = PBXGroup;
			children = (
				CF24919227D9DD2A0038D704 /* AdminStoryboard.storyboard */,
				CF24919427D9DD2A0038D704 /* AdminChangeEmployeePage.swift */,
				CF24918E27D9DD2A0038D704 /* AdminDetailPage.swift */,
				CF24918C27D9DD2A0038D704 /* AdminEmployeeDetailPage.swift */,
				CF24918D27D9DD2A0038D704 /* AdminEmployeeManagePage.swift */,
				CF24919027D9DD2A0038D704 /* AdminGroupManagePage.swift */,
				CF24918F27D9DD2A0038D704 /* AdminMainPage.swift */,
				CF24919127D9DD2A0038D704 /* AdminNewEmployeePage.swift */,
				CF24919327D9DD2A0038D704 /* AdminVacationHistoryPage.swift */,
			);
			path = Admin;
			sourceTree = "<group>";
		};
		CFA01CE827BA57AC00258455 /* Common */ = {
			isa = PBXGroup;
			children = (
				CF7D5FAB27BCD98600D3B1C1 /* LoginModel.swift */,
			);
			name = Common;
			sourceTree = "<group>";
		};
		CFAB215027BA531A002B2E3C = {
			isa = PBXGroup;
			children = (
				CFAB215B27BA531A002B2E3C /* K-Connect-IOS */,
				CFAB215A27BA531A002B2E3C /* Products */,
				F7FE4EF34819F9F529A49851 /* Pods */,
				DA5945BD52001DDDF23FB1B1 /* Frameworks */,
			);
			sourceTree = "<group>";
		};
		CFAB215A27BA531A002B2E3C /* Products */ = {
			isa = PBXGroup;
			children = (
				CFAB215927BA531A002B2E3C /* K-Connect-IOS.app */,
			);
			name = Products;
			sourceTree = "<group>";
		};
		CFAB215B27BA531A002B2E3C /* K-Connect-IOS */ = {
			isa = PBXGroup;
			children = (
				CF7D5FC727BE434000D3B1C1 /* Network */,
				CFA01CE827BA57AC00258455 /* Common */,
				CFA01CE727BA57A500258455 /* Admin */,
				7F01C23427F8432B003A6D8B /* Main */,
				CFA01CE627BA579E00258455 /* Home */,
				7FAE4F112805BA0D00761430 /* Messenger */,
				7FAE4F142805BA7C00761430 /* Timeline */,
				7F7F527A280067EF008F8908 /* Information */,
				CFAB215C27BA531A002B2E3C /* AppDelegate.swift */,
				CFAB215E27BA531A002B2E3C /* SceneDelegate.swift */,
				CFAB216727BA531B002B2E3C /* LaunchScreen.storyboard */,
				CFAB216527BA531B002B2E3C /* Assets.xcassets */,
				7F053F1727F8883C0075C6A4 /* AnimationSend.gif */,
				7F7F528328026E59008F8908 /* Image */,
				CFAB216A27BA531B002B2E3C /* Info.plist */,
				7F572BF427F85C0700C1809D /* GoogleService-Info.plist */,
			);
			path = "K-Connect-IOS";
			sourceTree = "<group>";
		};
		DA5945BD52001DDDF23FB1B1 /* Frameworks */ = {
			isa = PBXGroup;
			children = (
				C415E9A7DB1711A5E9FF4804 /* Pods_K_Connect_IOS.framework */,
			);
			name = Frameworks;
			sourceTree = "<group>";
		};
		F7FE4EF34819F9F529A49851 /* Pods */ = {
			isa = PBXGroup;
			children = (
				F6A3428C780EB43B551C6683 /* Pods-K-Connect-IOS.debug.xcconfig */,
				327E64258088FF5B8DC2B6DA /* Pods-K-Connect-IOS.release.xcconfig */,
			);
			path = Pods;
			sourceTree = "<group>";
		};
/* End PBXGroup section */

/* Begin PBXNativeTarget section */
		CFAB215827BA531A002B2E3C /* K-Connect-IOS */ = {
			isa = PBXNativeTarget;
			buildConfigurationList = CFAB216D27BA531B002B2E3C /* Build configuration list for PBXNativeTarget "K-Connect-IOS" */;
			buildPhases = (
				7D827A410F5ABA020CB9F0FA /* [CP] Check Pods Manifest.lock */,
				CFAB215527BA531A002B2E3C /* Sources */,
				CFAB215627BA531A002B2E3C /* Frameworks */,
				CFAB215727BA531A002B2E3C /* Resources */,
				5B681A49D6118CBBDE5C4866 /* [CP] Embed Pods Frameworks */,
			);
			buildRules = (
			);
			dependencies = (
			);
			name = "K-Connect-IOS";
			productName = "K-Connect-IOS";
			productReference = CFAB215927BA531A002B2E3C /* K-Connect-IOS.app */;
			productType = "com.apple.product-type.application";
		};
/* End PBXNativeTarget section */

/* Begin PBXProject section */
		CFAB215127BA531A002B2E3C /* Project object */ = {
			isa = PBXProject;
			attributes = {
				BuildIndependentTargetsInParallel = 1;
				LastSwiftUpdateCheck = 1320;
				LastUpgradeCheck = 1320;
				TargetAttributes = {
					CFAB215827BA531A002B2E3C = {
						CreatedOnToolsVersion = 13.2.1;
					};
				};
			};
			buildConfigurationList = CFAB215427BA531A002B2E3C /* Build configuration list for PBXProject "K-Connect-IOS" */;
			compatibilityVersion = "Xcode 13.0";
			developmentRegion = en;
			hasScannedForEncodings = 0;
			knownRegions = (
				en,
				Base,
			);
			mainGroup = CFAB215027BA531A002B2E3C;
			productRefGroup = CFAB215A27BA531A002B2E3C /* Products */;
			projectDirPath = "";
			projectRoot = "";
			targets = (
				CFAB215827BA531A002B2E3C /* K-Connect-IOS */,
			);
		};
/* End PBXProject section */

/* Begin PBXResourcesBuildPhase section */
		CFAB215727BA531A002B2E3C /* Resources */ = {
			isa = PBXResourcesBuildPhase;
			buildActionMask = 2147483647;
			files = (
				CFAB216927BA531B002B2E3C /* LaunchScreen.storyboard in Resources */,
				CFAB216627BA531B002B2E3C /* Assets.xcassets in Resources */,
				CF24919B27D9DD2A0038D704 /* AdminStoryboard.storyboard in Resources */,
				7F7F527E280070DF008F8908 /* Information.storyboard in Resources */,
				CFAB216427BA531A002B2E3C /* Main.storyboard in Resources */,
				7F57A7702802969A005B5164 /* BackGround.jpeg in Resources */,
				7FAE4F132805BA4300761430 /* Messenger.storyboard in Resources */,
				CF7D5FC027BE044000D3B1C1 /* Home.storyboard in Resources */,
				7F053F1827F8883C0075C6A4 /* AnimationSend.gif in Resources */,
				7F572BF527F85C0700C1809D /* GoogleService-Info.plist in Resources */,
				7FAE4F162805BAA100761430 /* Timeline.storyboard in Resources */,
			);
			runOnlyForDeploymentPostprocessing = 0;
		};
/* End PBXResourcesBuildPhase section */

/* Begin PBXShellScriptBuildPhase section */
		5B681A49D6118CBBDE5C4866 /* [CP] Embed Pods Frameworks */ = {
			isa = PBXShellScriptBuildPhase;
			buildActionMask = 2147483647;
			files = (
			);
			inputFileListPaths = (
				"${PODS_ROOT}/Target Support Files/Pods-K-Connect-IOS/Pods-K-Connect-IOS-frameworks-${CONFIGURATION}-input-files.xcfilelist",
			);
			name = "[CP] Embed Pods Frameworks";
			outputFileListPaths = (
				"${PODS_ROOT}/Target Support Files/Pods-K-Connect-IOS/Pods-K-Connect-IOS-frameworks-${CONFIGURATION}-output-files.xcfilelist",
			);
			runOnlyForDeploymentPostprocessing = 0;
			shellPath = /bin/sh;
			shellScript = "\"${PODS_ROOT}/Target Support Files/Pods-K-Connect-IOS/Pods-K-Connect-IOS-frameworks.sh\"\n";
			showEnvVarsInLog = 0;
		};
		7D827A410F5ABA020CB9F0FA /* [CP] Check Pods Manifest.lock */ = {
			isa = PBXShellScriptBuildPhase;
			buildActionMask = 2147483647;
			files = (
			);
			inputFileListPaths = (
			);
			inputPaths = (
				"${PODS_PODFILE_DIR_PATH}/Podfile.lock",
				"${PODS_ROOT}/Manifest.lock",
			);
			name = "[CP] Check Pods Manifest.lock";
			outputFileListPaths = (
			);
			outputPaths = (
				"$(DERIVED_FILE_DIR)/Pods-K-Connect-IOS-checkManifestLockResult.txt",
			);
			runOnlyForDeploymentPostprocessing = 0;
			shellPath = /bin/sh;
			shellScript = "diff \"${PODS_PODFILE_DIR_PATH}/Podfile.lock\" \"${PODS_ROOT}/Manifest.lock\" > /dev/null\nif [ $? != 0 ] ; then\n    # print error to STDERR\n    echo \"error: The sandbox is not in sync with the Podfile.lock. Run 'pod install' or update your CocoaPods installation.\" >&2\n    exit 1\nfi\n# This output is used by Xcode 'outputs' to avoid re-running this script phase.\necho \"SUCCESS\" > \"${SCRIPT_OUTPUT_FILE_0}\"\n";
			showEnvVarsInLog = 0;
		};
/* End PBXShellScriptBuildPhase section */

/* Begin PBXSourcesBuildPhase section */
		CFAB215527BA531A002B2E3C /* Sources */ = {
			isa = PBXSourcesBuildPhase;
			buildActionMask = 2147483647;
			files = (
				CF24919727D9DD2A0038D704 /* AdminDetailPage.swift in Sources */,
				CF24919827D9DD2A0038D704 /* AdminMainPage.swift in Sources */,
				CF7D5FAC27BCD98600D3B1C1 /* LoginModel.swift in Sources */,
				7F7F52822801149F008F8908 /* ImformationController.swift in Sources */,
				CFAB216127BA531A002B2E3C /* ViewController.swift in Sources */,
				CF24919A27D9DD2A0038D704 /* AdminNewEmployeePage.swift in Sources */,
				7F01C23327F842C0003A6D8B /* JoinController.swift in Sources */,
				CFAB215D27BA531A002B2E3C /* AppDelegate.swift in Sources */,
				CF24919927D9DD2A0038D704 /* AdminGroupManagePage.swift in Sources */,
				CF24919527D9DD2A0038D704 /* AdminEmployeeDetailPage.swift in Sources */,
				7F97E57F2809A8290002FA40 /* SearchController.swift in Sources */,
				CFAB215F27BA531A002B2E3C /* SceneDelegate.swift in Sources */,
				CF24919C27D9DD2A0038D704 /* AdminVacationHistoryPage.swift in Sources */,
				7F7F527C28006878008F8908 /* HomeController.swift in Sources */,
				7F97E5812809B1780002FA40 /* NotificationController.swift in Sources */,
				CF24919D27D9DD2A0038D704 /* AdminChangeEmployeePage.swift in Sources */,
				CFA01CEF27BA583800258455 /* ChangePasswordView.swift in Sources */,
				CF24919627D9DD2A0038D704 /* AdminEmployeeManagePage.swift in Sources */,
			);
			runOnlyForDeploymentPostprocessing = 0;
		};
/* End PBXSourcesBuildPhase section */

/* Begin PBXVariantGroup section */
		CFAB216227BA531A002B2E3C /* Main.storyboard */ = {
			isa = PBXVariantGroup;
			children = (
				CFAB216327BA531A002B2E3C /* Base */,
			);
			name = Main.storyboard;
			sourceTree = "<group>";
		};
		CFAB216727BA531B002B2E3C /* LaunchScreen.storyboard */ = {
			isa = PBXVariantGroup;
			children = (
				CFAB216827BA531B002B2E3C /* Base */,
			);
			name = LaunchScreen.storyboard;
			sourceTree = "<group>";
		};
/* End PBXVariantGroup section */

/* Begin XCBuildConfiguration section */
		CFAB216B27BA531B002B2E3C /* Debug */ = {
			isa = XCBuildConfiguration;
			buildSettings = {
				ALWAYS_SEARCH_USER_PATHS = NO;
				CLANG_ANALYZER_NONNULL = YES;
				CLANG_ANALYZER_NUMBER_OBJECT_CONVERSION = YES_AGGRESSIVE;
				CLANG_CXX_LANGUAGE_STANDARD = "gnu++17";
				CLANG_CXX_LIBRARY = "libc++";
				CLANG_ENABLE_MODULES = YES;
				CLANG_ENABLE_OBJC_ARC = YES;
				CLANG_ENABLE_OBJC_WEAK = YES;
				CLANG_WARN_BLOCK_CAPTURE_AUTORELEASING = YES;
				CLANG_WARN_BOOL_CONVERSION = YES;
				CLANG_WARN_COMMA = YES;
				CLANG_WARN_CONSTANT_CONVERSION = YES;
				CLANG_WARN_DEPRECATED_OBJC_IMPLEMENTATIONS = YES;
				CLANG_WARN_DIRECT_OBJC_ISA_USAGE = YES_ERROR;
				CLANG_WARN_DOCUMENTATION_COMMENTS = YES;
				CLANG_WARN_EMPTY_BODY = YES;
				CLANG_WARN_ENUM_CONVERSION = YES;
				CLANG_WARN_INFINITE_RECURSION = YES;
				CLANG_WARN_INT_CONVERSION = YES;
				CLANG_WARN_NON_LITERAL_NULL_CONVERSION = YES;
				CLANG_WARN_OBJC_IMPLICIT_RETAIN_SELF = YES;
				CLANG_WARN_OBJC_LITERAL_CONVERSION = YES;
				CLANG_WARN_OBJC_ROOT_CLASS = YES_ERROR;
				CLANG_WARN_QUOTED_INCLUDE_IN_FRAMEWORK_HEADER = YES;
				CLANG_WARN_RANGE_LOOP_ANALYSIS = YES;
				CLANG_WARN_STRICT_PROTOTYPES = YES;
				CLANG_WARN_SUSPICIOUS_MOVE = YES;
				CLANG_WARN_UNGUARDED_AVAILABILITY = YES_AGGRESSIVE;
				CLANG_WARN_UNREACHABLE_CODE = YES;
				CLANG_WARN__DUPLICATE_METHOD_MATCH = YES;
				COPY_PHASE_STRIP = NO;
				DEBUG_INFORMATION_FORMAT = dwarf;
				ENABLE_STRICT_OBJC_MSGSEND = YES;
				ENABLE_TESTABILITY = YES;
				GCC_C_LANGUAGE_STANDARD = gnu11;
				GCC_DYNAMIC_NO_PIC = NO;
				GCC_NO_COMMON_BLOCKS = YES;
				GCC_OPTIMIZATION_LEVEL = 0;
				GCC_PREPROCESSOR_DEFINITIONS = (
					"DEBUG=1",
					"$(inherited)",
				);
				GCC_WARN_64_TO_32_BIT_CONVERSION = YES;
				GCC_WARN_ABOUT_RETURN_TYPE = YES_ERROR;
				GCC_WARN_UNDECLARED_SELECTOR = YES;
				GCC_WARN_UNINITIALIZED_AUTOS = YES_AGGRESSIVE;
				GCC_WARN_UNUSED_FUNCTION = YES;
				GCC_WARN_UNUSED_VARIABLE = YES;
				IPHONEOS_DEPLOYMENT_TARGET = 15.2;
				MTL_ENABLE_DEBUG_INFO = INCLUDE_SOURCE;
				MTL_FAST_MATH = YES;
				ONLY_ACTIVE_ARCH = YES;
				SDKROOT = iphoneos;
				SWIFT_ACTIVE_COMPILATION_CONDITIONS = DEBUG;
				SWIFT_OPTIMIZATION_LEVEL = "-Onone";
			};
			name = Debug;
		};
		CFAB216C27BA531B002B2E3C /* Release */ = {
			isa = XCBuildConfiguration;
			buildSettings = {
				ALWAYS_SEARCH_USER_PATHS = NO;
				CLANG_ANALYZER_NONNULL = YES;
				CLANG_ANALYZER_NUMBER_OBJECT_CONVERSION = YES_AGGRESSIVE;
				CLANG_CXX_LANGUAGE_STANDARD = "gnu++17";
				CLANG_CXX_LIBRARY = "libc++";
				CLANG_ENABLE_MODULES = YES;
				CLANG_ENABLE_OBJC_ARC = YES;
				CLANG_ENABLE_OBJC_WEAK = YES;
				CLANG_WARN_BLOCK_CAPTURE_AUTORELEASING = YES;
				CLANG_WARN_BOOL_CONVERSION = YES;
				CLANG_WARN_COMMA = YES;
				CLANG_WARN_CONSTANT_CONVERSION = YES;
				CLANG_WARN_DEPRECATED_OBJC_IMPLEMENTATIONS = YES;
				CLANG_WARN_DIRECT_OBJC_ISA_USAGE = YES_ERROR;
				CLANG_WARN_DOCUMENTATION_COMMENTS = YES;
				CLANG_WARN_EMPTY_BODY = YES;
				CLANG_WARN_ENUM_CONVERSION = YES;
				CLANG_WARN_INFINITE_RECURSION = YES;
				CLANG_WARN_INT_CONVERSION = YES;
				CLANG_WARN_NON_LITERAL_NULL_CONVERSION = YES;
				CLANG_WARN_OBJC_IMPLICIT_RETAIN_SELF = YES;
				CLANG_WARN_OBJC_LITERAL_CONVERSION = YES;
				CLANG_WARN_OBJC_ROOT_CLASS = YES_ERROR;
				CLANG_WARN_QUOTED_INCLUDE_IN_FRAMEWORK_HEADER = YES;
				CLANG_WARN_RANGE_LOOP_ANALYSIS = YES;
				CLANG_WARN_STRICT_PROTOTYPES = YES;
				CLANG_WARN_SUSPICIOUS_MOVE = YES;
				CLANG_WARN_UNGUARDED_AVAILABILITY = YES_AGGRESSIVE;
				CLANG_WARN_UNREACHABLE_CODE = YES;
				CLANG_WARN__DUPLICATE_METHOD_MATCH = YES;
				COPY_PHASE_STRIP = NO;
				DEBUG_INFORMATION_FORMAT = "dwarf-with-dsym";
				ENABLE_NS_ASSERTIONS = NO;
				ENABLE_STRICT_OBJC_MSGSEND = YES;
				GCC_C_LANGUAGE_STANDARD = gnu11;
				GCC_NO_COMMON_BLOCKS = YES;
				GCC_WARN_64_TO_32_BIT_CONVERSION = YES;
				GCC_WARN_ABOUT_RETURN_TYPE = YES_ERROR;
				GCC_WARN_UNDECLARED_SELECTOR = YES;
				GCC_WARN_UNINITIALIZED_AUTOS = YES_AGGRESSIVE;
				GCC_WARN_UNUSED_FUNCTION = YES;
				GCC_WARN_UNUSED_VARIABLE = YES;
				IPHONEOS_DEPLOYMENT_TARGET = 15.2;
				MTL_ENABLE_DEBUG_INFO = NO;
				MTL_FAST_MATH = YES;
				SDKROOT = iphoneos;
				SWIFT_COMPILATION_MODE = wholemodule;
				SWIFT_OPTIMIZATION_LEVEL = "-O";
				VALIDATE_PRODUCT = YES;
			};
			name = Release;
		};
		CFAB216E27BA531B002B2E3C /* Debug */ = {
			isa = XCBuildConfiguration;
			baseConfigurationReference = F6A3428C780EB43B551C6683 /* Pods-K-Connect-IOS.debug.xcconfig */;
			buildSettings = {
				ASSETCATALOG_COMPILER_APPICON_NAME = AppIcon;
				ASSETCATALOG_COMPILER_GLOBAL_ACCENT_COLOR_NAME = AccentColor;
				CODE_SIGN_STYLE = Automatic;
				CURRENT_PROJECT_VERSION = 1;
				DEVELOPMENT_TEAM = 2HUVC9AWHR;
				GENERATE_INFOPLIST_FILE = YES;
				INFOPLIST_FILE = "K-Connect-IOS/Info.plist";
				INFOPLIST_KEY_CFBundleDisplayName = FireFood;
				INFOPLIST_KEY_UIApplicationSupportsIndirectInputEvents = YES;
				INFOPLIST_KEY_UILaunchStoryboardName = LaunchScreen;
				INFOPLIST_KEY_UIMainStoryboardFile = Main;
				INFOPLIST_KEY_UISupportedInterfaceOrientations_iPad = "UIInterfaceOrientationPortrait UIInterfaceOrientationPortraitUpsideDown UIInterfaceOrientationLandscapeLeft UIInterfaceOrientationLandscapeRight";
				INFOPLIST_KEY_UISupportedInterfaceOrientations_iPhone = "UIInterfaceOrientationPortrait UIInterfaceOrientationLandscapeLeft UIInterfaceOrientationLandscapeRight";
				LD_RUNPATH_SEARCH_PATHS = (
					"$(inherited)",
					"@executable_path/Frameworks",
				);
				MARKETING_VERSION = 1.0;
				PRODUCT_BUNDLE_IDENTIFIER = com.FireBaseStudy01;
				PRODUCT_NAME = "$(TARGET_NAME)";
				SWIFT_EMIT_LOC_STRINGS = YES;
				SWIFT_VERSION = 5.0;
				TARGETED_DEVICE_FAMILY = 1;
			};
			name = Debug;
		};
		CFAB216F27BA531B002B2E3C /* Release */ = {
			isa = XCBuildConfiguration;
			baseConfigurationReference = 327E64258088FF5B8DC2B6DA /* Pods-K-Connect-IOS.release.xcconfig */;
			buildSettings = {
				ASSETCATALOG_COMPILER_APPICON_NAME = AppIcon;
				ASSETCATALOG_COMPILER_GLOBAL_ACCENT_COLOR_NAME = AccentColor;
				CODE_SIGN_STYLE = Automatic;
				CURRENT_PROJECT_VERSION = 1;
				DEVELOPMENT_TEAM = 2HUVC9AWHR;
				GENERATE_INFOPLIST_FILE = YES;
				INFOPLIST_FILE = "K-Connect-IOS/Info.plist";
				INFOPLIST_KEY_CFBundleDisplayName = FireFood;
				INFOPLIST_KEY_UIApplicationSupportsIndirectInputEvents = YES;
				INFOPLIST_KEY_UILaunchStoryboardName = LaunchScreen;
				INFOPLIST_KEY_UIMainStoryboardFile = Main;
				INFOPLIST_KEY_UISupportedInterfaceOrientations_iPad = "UIInterfaceOrientationPortrait UIInterfaceOrientationPortraitUpsideDown UIInterfaceOrientationLandscapeLeft UIInterfaceOrientationLandscapeRight";
				INFOPLIST_KEY_UISupportedInterfaceOrientations_iPhone = "UIInterfaceOrientationPortrait UIInterfaceOrientationLandscapeLeft UIInterfaceOrientationLandscapeRight";
				LD_RUNPATH_SEARCH_PATHS = (
					"$(inherited)",
					"@executable_path/Frameworks",
				);
				MARKETING_VERSION = 1.0;
				PRODUCT_BUNDLE_IDENTIFIER = com.FireBaseStudy01;
				PRODUCT_NAME = "$(TARGET_NAME)";
				SWIFT_EMIT_LOC_STRINGS = YES;
				SWIFT_VERSION = 5.0;
				TARGETED_DEVICE_FAMILY = 1;
			};
			name = Release;
		};
/* End XCBuildConfiguration section */

/* Begin XCConfigurationList section */
		CFAB215427BA531A002B2E3C /* Build configuration list for PBXProject "K-Connect-IOS" */ = {
			isa = XCConfigurationList;
			buildConfigurations = (
				CFAB216B27BA531B002B2E3C /* Debug */,
				CFAB216C27BA531B002B2E3C /* Release */,
			);
			defaultConfigurationIsVisible = 0;
			defaultConfigurationName = Release;
		};
		CFAB216D27BA531B002B2E3C /* Build configuration list for PBXNativeTarget "K-Connect-IOS" */ = {
			isa = XCConfigurationList;
			buildConfigurations = (
				CFAB216E27BA531B002B2E3C /* Debug */,
				CFAB216F27BA531B002B2E3C /* Release */,
			);
			defaultConfigurationIsVisible = 0;
			defaultConfigurationName = Release;
		};
/* End XCConfigurationList section */
	};
	rootObject = CFAB215127BA531A002B2E3C /* Project object */;
}
